// !$*UTF8*$!
{
	archiveVersion = 1;
	classes = {
	};
	objectVersion = 46;
	objects = {

/* Begin PBXBuildFile section */
		A7FEF5591C634697009C9E7A /* main.m in Sources */ = {isa = PBXBuildFile; fileRef = A7FEF5581C634697009C9E7A /* main.m */; };
		A7FEF55C1C634697009C9E7A /* AppDelegate.m in Sources */ = {isa = PBXBuildFile; fileRef = A7FEF55B1C634697009C9E7A /* AppDelegate.m */; };
		A7FEF55F1C634697009C9E7A /* ViewController.m in Sources */ = {isa = PBXBuildFile; fileRef = A7FEF55E1C634697009C9E7A /* ViewController.m */; };
		A7FEF5621C634697009C9E7A /* Main.storyboard in Resources */ = {isa = PBXBuildFile; fileRef = A7FEF5601C634697009C9E7A /* Main.storyboard */; };
		A7FEF5641C634697009C9E7A /* Assets.xcassets in Resources */ = {isa = PBXBuildFile; fileRef = A7FEF5631C634697009C9E7A /* Assets.xcassets */; };
		A7FEF5671C634697009C9E7A /* LaunchScreen.storyboard in Resources */ = {isa = PBXBuildFile; fileRef = A7FEF5651C634697009C9E7A /* LaunchScreen.storyboard */; };
		A7FEF5701C6346B1009C9E7A /* BeaconManager.m in Sources */ = {isa = PBXBuildFile; fileRef = A7FEF56F1C6346B1009C9E7A /* BeaconManager.m */; };
/* End PBXBuildFile section */

/* Begin PBXFileReference section */
		A7FEF5541C634697009C9E7A /* BeaconManager.app */ = {isa = PBXFileReference; explicitFileType = wrapper.application; includeInIndex = 0; path = BeaconManager.app; sourceTree = BUILT_PRODUCTS_DIR; };
		A7FEF5581C634697009C9E7A /* main.m */ = {isa = PBXFileReference; lastKnownFileType = sourcecode.c.objc; path = main.m; sourceTree = "<group>"; };
		A7FEF55A1C634697009C9E7A /* AppDelegate.h */ = {isa = PBXFileReference; lastKnownFileType = sourcecode.c.h; path = AppDelegate.h; sourceTree = "<group>"; };
		A7FEF55B1C634697009C9E7A /* AppDelegate.m */ = {isa = PBXFileReference; lastKnownFileType = sourcecode.c.objc; path = AppDelegate.m; sourceTree = "<group>"; };
		A7FEF55D1C634697009C9E7A /* ViewController.h */ = {isa = PBXFileReference; lastKnownFileType = sourcecode.c.h; path = ViewController.h; sourceTree = "<group>"; };
		A7FEF55E1C634697009C9E7A /* ViewController.m */ = {isa = PBXFileReference; lastKnownFileType = sourcecode.c.objc; path = ViewController.m; sourceTree = "<group>"; };
		A7FEF5611C634697009C9E7A /* Base */ = {isa = PBXFileReference; lastKnownFileType = file.storyboard; name = Base; path = Base.lproj/Main.storyboard; sourceTree = "<group>"; };
		A7FEF5631C634697009C9E7A /* Assets.xcassets */ = {isa = PBXFileReference; lastKnownFileType = folder.assetcatalog; path = Assets.xcassets; sourceTree = "<group>"; };
		A7FEF5661C634697009C9E7A /* Base */ = {isa = PBXFileReference; lastKnownFileType = file.storyboard; name = Base; path = Base.lproj/LaunchScreen.storyboard; sourceTree = "<group>"; };
		A7FEF5681C634697009C9E7A /* Info.plist */ = {isa = PBXFileReference; lastKnownFileType = text.plist.xml; path = Info.plist; sourceTree = "<group>"; };
		A7FEF56E1C6346B1009C9E7A /* BeaconManager.h */ = {isa = PBXFileReference; fileEncoding = 4; lastKnownFileType = sourcecode.c.h; path = BeaconManager.h; sourceTree = "<group>"; };
		A7FEF56F1C6346B1009C9E7A /* BeaconManager.m */ = {isa = PBXFileReference; fileEncoding = 4; lastKnownFileType = sourcecode.c.objc; path = BeaconManager.m; sourceTree = "<group>"; };
/* End PBXFileReference section */

/* Begin PBXFrameworksBuildPhase section */
		A7FEF5511C634697009C9E7A /* Frameworks */ = {
			isa = PBXFrameworksBuildPhase;
			buildActionMask = 2147483647;
			files = (
			);
			runOnlyForDeploymentPostprocessing = 0;
		};
/* End PBXFrameworksBuildPhase section */

/* Begin PBXGroup section */
		A7FEF54B1C634697009C9E7A = {
			isa = PBXGroup;
			children = (
				A7FEF5561C634697009C9E7A /* BeaconManager */,
				A7FEF5551C634697009C9E7A /* Products */,
			);
			sourceTree = "<group>";
		};
		A7FEF5551C634697009C9E7A /* Products */ = {
			isa = PBXGroup;
			children = (
				A7FEF5541C634697009C9E7A /* BeaconManager.app */,
			);
			name = Products;
			sourceTree = "<group>";
		};
		A7FEF5561C634697009C9E7A /* BeaconManager */ = {
			isa = PBXGroup;
			children = (
				A7FEF55A1C634697009C9E7A /* AppDelegate.h */,
				A7FEF55B1C634697009C9E7A /* AppDelegate.m */,
				A7FEF55D1C634697009C9E7A /* ViewController.h */,
				A7FEF55E1C634697009C9E7A /* ViewController.m */,
				A7FEF56E1C6346B1009C9E7A /* BeaconManager.h */,
				A7FEF56F1C6346B1009C9E7A /* BeaconManager.m */,
				A7FEF5601C634697009C9E7A /* Main.storyboard */,
				A7FEF5631C634697009C9E7A /* Assets.xcassets */,
				A7FEF5651C634697009C9E7A /* LaunchScreen.storyboard */,
				A7FEF5681C634697009C9E7A /* Info.plist */,
				A7FEF5571C634697009C9E7A /* Supporting Files */,
			);
			path = BeaconManager;
			sourceTree = "<group>";
		};
		A7FEF5571C634697009C9E7A /* Supporting Files */ = {
			isa = PBXGroup;
			children = (
				A7FEF5581C634697009C9E7A /* main.m */,
			);
			name = "Supporting Files";
			sourceTree = "<group>";
		};
/* End PBXGroup section */

/* Begin PBXNativeTarget section */
		A7FEF5531C634697009C9E7A /* BeaconManager */ = {
			isa = PBXNativeTarget;
			buildConfigurationList = A7FEF56B1C634697009C9E7A /* Build configuration list for PBXNativeTarget "BeaconManager" */;
			buildPhases = (
				A7FEF5501C634697009C9E7A /* Sources */,
				A7FEF5511C634697009C9E7A /* Frameworks */,
				A7FEF5521C634697009C9E7A /* Resources */,
			);
			buildRules = (
			);
			dependencies = (
			);
			name = BeaconManager;
			productName = BeaconManager;
			productReference = A7FEF5541C634697009C9E7A /* BeaconManager.app */;
			productType = "com.apple.product-type.application";
		};
/* End PBXNativeTarget section */

/* Begin PBXProject section */
		A7FEF54C1C634697009C9E7A /* Project object */ = {
			isa = PBXProject;
			attributes = {
				LastUpgradeCheck = 0720;
				ORGANIZATIONNAME = Sung;
				TargetAttributes = {
					A7FEF5531C634697009C9E7A = {
						CreatedOnToolsVersion = 7.2;
						SystemCapabilities = {
							com.apple.BackgroundModes = {
								enabled = 1;
							};
						};
					};
				};
			};
			buildConfigurationList = A7FEF54F1C634697009C9E7A /* Build configuration list for PBXProject "BeaconManager" */;
			compatibilityVersion = "Xcode 3.2";
			developmentRegion = English;
			hasScannedForEncodings = 0;
			knownRegions = (
				en,
				Base,
			);
			mainGroup = A7FEF54B1C634697009C9E7A;
			productRefGroup = A7FEF5551C634697009C9E7A /* Products */;
			projectDirPath = "";
			projectRoot = "";
			targets = (
				A7FEF5531C634697009C9E7A /* BeaconManager */,
			);
		};
/* End PBXProject section */

/* Begin PBXResourcesBuildPhase section */
		A7FEF5521C634697009C9E7A /* Resources */ = {
			isa = PBXResourcesBuildPhase;
			buildActionMask = 2147483647;
			files = (
				A7FEF5671C634697009C9E7A /* LaunchScreen.storyboard in Resources */,
				A7FEF5641C634697009C9E7A /* Assets.xcassets in Resources */,
				A7FEF5621C634697009C9E7A /* Main.storyboard in Resources */,
			);
			runOnlyForDeploymentPostprocessing = 0;
		};
/* End PBXResourcesBuildPhase section */

/* Begin PBXSourcesBuildPhase section */
		A7FEF5501C634697009C9E7A /* Sources */ = {
			isa = PBXSourcesBuildPhase;
			buildActionMask = 2147483647;
			files = (
				A7FEF55F1C634697009C9E7A /* ViewController.m in Sources */,
				A7FEF5701C6346B1009C9E7A /* BeaconManager.m in Sources */,
				A7FEF55C1C634697009C9E7A /* AppDelegate.m in Sources */,
				A7FEF5591C634697009C9E7A /* main.m in Sources */,
			);
			runOnlyForDeploymentPostprocessing = 0;
		};
/* End PBXSourcesBuildPhase section */

/* Begin PBXVariantGroup section */
		A7FEF5601C634697009C9E7A /* Main.storyboard */ = {
			isa = PBXVariantGroup;
			children = (
				A7FEF5611C634697009C9E7A /* Base */,
			);
			name = Main.storyboard;
			sourceTree = "<group>";
		};
		A7FEF5651C634697009C9E7A /* LaunchScreen.storyboard */ = {
			isa = PBXVariantGroup;
			children = (
				A7FEF5661C634697009C9E7A /* Base */,
			);
			name = LaunchScreen.storyboard;
			sourceTree = "<group>";
		};
/* End PBXVariantGroup section */

/* Begin XCBuildConfiguration section */
		A7FEF5691C634697009C9E7A /* Debug */ = {
			isa = XCBuildConfiguration;
			buildSettings = {
				ALWAYS_SEARCH_USER_PATHS = NO;
				CLANG_CXX_LANGUAGE_STANDARD = "gnu++0x";
				CLANG_CXX_LIBRARY = "libc++";
				CLANG_ENABLE_MODULES = YES;
				CLANG_ENABLE_OBJC_ARC = YES;
				CLANG_WARN_BOOL_CONVERSION = YES;
				CLANG_WARN_CONSTANT_CONVERSION = YES;
				CLANG_WARN_DIRECT_OBJC_ISA_USAGE = YES_ERROR;
				CLANG_WARN_EMPTY_BODY = YES;
				CLANG_WARN_ENUM_CONVERSION = YES;
				CLANG_WARN_INT_CONVERSION = YES;
				CLANG_WARN_OBJC_ROOT_CLASS = YES_ERROR;
				CLANG_WARN_UNREACHABLE_CODE = YES;
				CLANG_WARN__DUPLICATE_METHOD_MATCH = YES;
				"CODE_SIGN_IDENTITY[sdk=iphoneos*]" = "iPhone Developer";
				COPY_PHASE_STRIP = NO;
				DEBUG_INFORMATION_FORMAT = dwarf;
				ENABLE_STRICT_OBJC_MSGSEND = YES;
				ENABLE_TESTABILITY = YES;
				GCC_C_LANGUAGE_STANDARD = gnu99;
				GCC_DYNAMIC_NO_PIC = NO;
				GCC_NO_COMMON_BLOCKS = YES;
				GCC_OPTIMIZATION_LEVEL = 0;
				GCC_PREPROCESSOR_DEFINITIONS = (
					"DEBUG=1",
					"$(inherited)",
				);
				GCC_WARN_64_TO_32_BIT_CONVERSION = YES;
				GCC_WARN_ABOUT_RETURN_TYPE = YES_ERROR;
				GCC_WARN_UNDECLARED_SELECTOR = YES;
				GCC_WARN_UNINITIALIZED_AUTOS = YES_AGGRESSIVE;
				GCC_WARN_UNUSED_FUNCTION = YES;
				GCC_WARN_UNUSED_VARIABLE = YES;
				IPHONEOS_DEPLOYMENT_TARGET = 9.2;
				MTL_ENABLE_DEBUG_INFO = YES;
				ONLY_ACTIVE_ARCH = YES;
				SDKROOT = iphoneos;
			};
			name = Debug;
		};
		A7FEF56A1C634697009C9E7A /* Release */ = {
			isa = XCBuildConfiguration;
			buildSettings = {
				ALWAYS_SEARCH_USER_PATHS = NO;
				CLANG_CXX_LANGUAGE_STANDARD = "gnu++0x";
				CLANG_CXX_LIBRARY = "libc++";
				CLANG_ENABLE_MODULES = YES;
				CLANG_ENABLE_OBJC_ARC = YES;
				CLANG_WARN_BOOL_CONVERSION = YES;
				CLANG_WARN_CONSTANT_CONVERSION = YES;
				CLANG_WARN_DIRECT_OBJC_ISA_USAGE = YES_ERROR;
				CLANG_WARN_EMPTY_BODY = YES;
				CLANG_WARN_ENUM_CONVERSION = YES;
				CLANG_WARN_INT_CONVERSION = YES;
				CLANG_WARN_OBJC_ROOT_CLASS = YES_ERROR;
				CLANG_WARN_UNREACHABLE_CODE = YES;
				CLANG_WARN__DUPLICATE_METHOD_MATCH = YES;
				"CODE_SIGN_IDENTITY[sdk=iphoneos*]" = "iPhone Developer";
				COPY_PHASE_STRIP = NO;
				DEBUG_INFORMATION_FORMAT = "dwarf-with-dsym";
				ENABLE_NS_ASSERTIONS = NO;
				ENABLE_STRICT_OBJC_MSGSEND = YES;
				GCC_C_LANGUAGE_STANDARD = gnu99;
				GCC_NO_COMMON_BLOCKS = YES;
				GCC_WARN_64_TO_32_BIT_CONVERSION = YES;
				GCC_WARN_ABOUT_RETURN_TYPE = YES_ERROR;
				GCC_WARN_UNDECLARED_SELECTOR = YES;
				GCC_WARN_UNINITIALIZED_AUTOS = YES_AGGRESSIVE;
				GCC_WARN_UNUSED_FUNCTION = YES;
				GCC_WARN_UNUSED_VARIABLE = YES;
				IPHONEOS_DEPLOYMENT_TARGET = 9.2;
				MTL_ENABLE_DEBUG_INFO = NO;
				SDKROOT = iphoneos;
				VALIDATE_PRODUCT = YES;
			};
			name = Release;
		};
		A7FEF56C1C634697009C9E7A /* Debug */ = {
			isa = XCBuildConfiguration;
			buildSettings = {
				ASSETCATALOG_COMPILER_APPICON_NAME = AppIcon;
				INFOPLIST_FILE = BeaconManager/Info.plist;
				IPHONEOS_DEPLOYMENT_TARGET = 8.0;
				LD_RUNPATH_SEARCH_PATHS = "$(inherited) @executable_path/Frameworks";
				PRODUCT_BUNDLE_IDENTIFIER = com.kidsbus.BeaconManager;
				PRODUCT_NAME = "$(TARGET_NAME)";
			};
			name = Debug;
		};
		A7FEF56D1C634697009C9E7A /* Release */ = {
			isa = XCBuildConfiguration;
			buildSettings = {
				ASSETCATALOG_COMPILER_APPICON_NAME = AppIcon;
				INFOPLIST_FILE = BeaconManager/Info.plist;
				IPHONEOS_DEPLOYMENT_TARGET = 8.0;
				LD_RUNPATH_SEARCH_PATHS = "$(inherited) @executable_path/Frameworks";
				PRODUCT_BUNDLE_IDENTIFIER = com.kidsbus.BeaconManager;
				PRODUCT_NAME = "$(TARGET_NAME)";
			};
			name = Release;
		};
/* End XCBuildConfiguration section */

/* Begin XCConfigurationList section */
		A7FEF54F1C634697009C9E7A /* Build configuration list for PBXProject "BeaconManager" */ = {
			isa = XCConfigurationList;
			buildConfigurations = (
				A7FEF5691C634697009C9E7A /* Debug */,
				A7FEF56A1C634697009C9E7A /* Release */,
			);
			defaultConfigurationIsVisible = 0;
			defaultConfigurationName = Release;
		};
		A7FEF56B1C634697009C9E7A /* Build configuration list for PBXNativeTarget "BeaconManager" */ = {
			isa = XCConfigurationList;
			buildConfigurations = (
				A7FEF56C1C634697009C9E7A /* Debug */,
				A7FEF56D1C634697009C9E7A /* Release */,
			);
			defaultConfigurationIsVisible = 0;
		};
/* End XCConfigurationList section */
	};
	rootObject = A7FEF54C1C634697009C9E7A /* Project object */;
}
